
Microsoft Visual Studio Solution File, Format Version 12.00
# Visual Studio 2010
Project("{FAE04EC0-301F-11D3-BF4B-00C04F79EFBC}") = "WCFRest", "WCFRest\WCFRest.csproj", "{03DC3AAC-2268-4272-BCCC-BD3412ED23DF}"
EndProject
Project("{FAE04EC0-301F-11D3-BF4B-00C04F79EFBC}") = "Syndication", "Syndication\Syndication.csproj", "{9ED70273-57FE-4CAD-BF6E-F38ED4453DB1}"
EndProject
Global
	GlobalSection(SolutionConfigurationPlatforms) = preSolution
		Debug|Any CPU = Debug|Any CPU
		Debug|Mixed Platforms = Debug|Mixed Platforms
		Debug|x86 = Debug|x86
		Release|Any CPU = Release|Any CPU
		Release|Mixed Platforms = Release|Mixed Platforms
		Release|x86 = Release|x86
	EndGlobalSection
	GlobalSection(ProjectConfigurationPlatforms) = postSolution
		{03DC3AAC-2268-4272-BCCC-BD3412ED23DF}.Debug|Any CPU.ActiveCfg = Debug|Any CPU
		{03DC3AAC-2268-4272-BCCC-BD3412ED23DF}.Debug|Any CPU.Build.0 = Debug|Any CPU
		{03DC3AAC-2268-4272-BCCC-BD3412ED23DF}.Debug|Mixed Platforms.ActiveCfg = Debug|Any CPU
		{03DC3AAC-2268-4272-BCCC-BD3412ED23DF}.Debug|Mixed Platforms.Build.0 = Debug|Any CPU
		{03DC3AAC-2268-4272-BCCC-BD3412ED23DF}.Debug|x86.ActiveCfg = Debug|Any CPU
		{03DC3AAC-2268-4272-BCCC-BD3412ED23DF}.Release|Any CPU.ActiveCfg = Release|Any CPU
		{03DC3AAC-2268-4272-BCCC-BD3412ED23DF}.Release|Any CPU.Build.0 = Release|Any CPU
		{03DC3AAC-2268-4272-BCCC-BD3412ED23DF}.Release|Mixed Platforms.ActiveCfg = Release|Any CPU
		{03DC3AAC-2268-4272-BCCC-BD3412ED23DF}.Release|Mixed Platforms.Build.0 = Release|Any CPU
		{03DC3AAC-2268-4272-BCCC-BD3412ED23DF}.Release|x86.ActiveCfg = Release|Any CPU
		{9ED70273-57FE-4CAD-BF6E-F38ED4453DB1}.Debug|Any CPU.ActiveCfg = Debug|Any CPU
		{9ED70273-57FE-4CAD-BF6E-F38ED4453DB1}.Debug|Any CPU.Build.0 = Debug|Any CPU
		{9ED70273-57FE-4CAD-BF6E-F38ED4453DB1}.Debug|Mixed Platforms.ActiveCfg = Debug|Any CPU
		{9ED70273-57FE-4CAD-BF6E-F38ED4453DB1}.Debug|Mixed Platforms.Build.0 = Debug|Any CPU
		{9ED70273-57FE-4CAD-BF6E-F38ED4453DB1}.Debug|x86.ActiveCfg = Debug|Any CPU
		{9ED70273-57FE-4CAD-BF6E-F38ED4453DB1}.Release|Any CPU.ActiveCfg = Release|Any CPU
		{9ED70273-57FE-4CAD-BF6E-F38ED4453DB1}.Release|Any CPU.Build.0 = Release|Any CPU
		{9ED70273-57FE-4CAD-BF6E-F38ED4453DB1}.Release|Mixed Platforms.ActiveCfg = Release|Any CPU
		{9ED70273-57FE-4CAD-BF6E-F38ED4453DB1}.Release|Mixed Platforms.Build.0 = Release|Any CPU
		{9ED70273-57FE-4CAD-BF6E-F38ED4453DB1}.Release|x86.ActiveCfg = Release|Any CPU
	EndGlobalSection
	GlobalSection(SolutionProperties) = preSolution
		HideSolutionNode = FALSE
	EndGlobalSection
EndGlobal
